
Microsoft Visual Studio Solution File, Format Version 12.00
# Visual Studio Version 16
VisualStudioVersion = 16.0.29424.173
MinimumVisualStudioVersion = 10.0.40219.1
Project("{FAE04EC0-301F-11D3-BF4B-00C04F79EFBC}") = "AppEjerciciosTodos", "AppEjerciciosTodos\AppEjerciciosTodos.csproj", "{E2904B05-7711-4CF1-AE14-6A4554F578DE}"
EndProject
Global
	GlobalSection(SolutionConfigurationPlatforms) = preSolution
		Debug|Any CPU = Debug|Any CPU
		Release|Any CPU = Release|Any CPU
	EndGlobalSection
	GlobalSection(ProjectConfigurationPlatforms) = postSolution
		{E2904B05-7711-4CF1-AE14-6A4554F578DE}.Debug|Any CPU.ActiveCfg = Debug|Any CPU
		{E2904B05-7711-4CF1-AE14-6A4554F578DE}.Debug|Any CPU.Build.0 = Debug|Any CPU
		{E2904B05-7711-4CF1-AE14-6A4554F578DE}.Release|Any CPU.ActiveCfg = Release|Any CPU
		{E2904B05-7711-4CF1-AE14-6A4554F578DE}.Release|Any CPU.Build.0 = Release|Any CPU
	EndGlobalSection
	GlobalSection(SolutionProperties) = preSolution
		HideSolutionNode = FALSE
	EndGlobalSection
	GlobalSection(ExtensibilityGlobals) = postSolution
		SolutionGuid = {823A1920-040D-4A70-AF6A-339DB480CCFB}
	EndGlobalSection
EndGlobal
